
Microsoft Visual Studio Solution File, Format Version 12.00
# Visual Studio Version 17
VisualStudioVersion = 17.5.33530.505
MinimumVisualStudioVersion = 10.0.40219.1
Project("{FAE04EC0-301F-11D3-BF4B-00C04F79EFBC}") = "ConsoleApp1", "ConsoleApp1\ConsoleApp1.csproj", "{B2CB10C4-1E99-4A8E-90C1-FE8873D6C414}"
EndProject
Global
	GlobalSection(SolutionConfigurationPlatforms) = preSolution
		Debug|Any CPU = Debug|Any CPU
		Release|Any CPU = Release|Any CPU
	EndGlobalSection
	GlobalSection(ProjectConfigurationPlatforms) = postSolution
		{B2CB10C4-1E99-4A8E-90C1-FE8873D6C414}.Debug|Any CPU.ActiveCfg = Debug|Any CPU
		{B2CB10C4-1E99-4A8E-90C1-FE8873D6C414}.Debug|Any CPU.Build.0 = Debug|Any CPU
		{B2CB10C4-1E99-4A8E-90C1-FE8873D6C414}.Release|Any CPU.ActiveCfg = Release|Any CPU
		{B2CB10C4-1E99-4A8E-90C1-FE8873D6C414}.Release|Any CPU.Build.0 = Release|Any CPU
	EndGlobalSection
	GlobalSection(SolutionProperties) = preSolution
		HideSolutionNode = FALSE
	EndGlobalSection
	GlobalSection(ExtensibilityGlobals) = postSolution
		SolutionGuid = {88919979-BDC1-4A73-80B1-E52CB662915F}
	EndGlobalSection
EndGlobal
